
Microsoft Visual Studio Solution File, Format Version 12.00
# Visual Studio Version 16
VisualStudioVersion = 16.0.30709.64
MinimumVisualStudioVersion = 10.0.40219.1
Project("{9A19103F-16F7-4668-BE54-9A1E7A4F7556}") = "DemoMock", "DemoMock.csproj", "{AA0E4749-ED69-45EC-834A-C6686BE7D43E}"
EndProject
Project("{FAE04EC0-301F-11D3-BF4B-00C04F79EFBC}") = "DemoMock.UntTest", "..\DemoMock.UntTest\DemoMock.UntTest.csproj", "{3890A28A-C13C-4BA6-A40F-0B741B0CB748}"
EndProject
Global
	GlobalSection(SolutionConfigurationPlatforms) = preSolution
		Debug|Any CPU = Debug|Any CPU
		Release|Any CPU = Release|Any CPU
	EndGlobalSection
	GlobalSection(ProjectConfigurationPlatforms) = postSolution
		{AA0E4749-ED69-45EC-834A-C6686BE7D43E}.Debug|Any CPU.ActiveCfg = Debug|Any CPU
		{AA0E4749-ED69-45EC-834A-C6686BE7D43E}.Debug|Any CPU.Build.0 = Debug|Any CPU
		{AA0E4749-ED69-45EC-834A-C6686BE7D43E}.Release|Any CPU.ActiveCfg = Release|Any CPU
		{AA0E4749-ED69-45EC-834A-C6686BE7D43E}.Release|Any CPU.Build.0 = Release|Any CPU
		{3890A28A-C13C-4BA6-A40F-0B741B0CB748}.Debug|Any CPU.ActiveCfg = Debug|Any CPU
		{3890A28A-C13C-4BA6-A40F-0B741B0CB748}.Debug|Any CPU.Build.0 = Debug|Any CPU
		{3890A28A-C13C-4BA6-A40F-0B741B0CB748}.Release|Any CPU.ActiveCfg = Release|Any CPU
		{3890A28A-C13C-4BA6-A40F-0B741B0CB748}.Release|Any CPU.Build.0 = Release|Any CPU
	EndGlobalSection
	GlobalSection(SolutionProperties) = preSolution
		HideSolutionNode = FALSE
	EndGlobalSection
	GlobalSection(ExtensibilityGlobals) = postSolution
		SolutionGuid = {99865A3C-816A-473F-89D2-4BA7E0B86039}
	EndGlobalSection
EndGlobal
